
Microsoft Visual Studio Solution File, Format Version 12.00
# Visual Studio Version 16
VisualStudioVersion = 16.0.30517.126
MinimumVisualStudioVersion = 10.0.40219.1
Project("{FAE04EC0-301F-11D3-BF4B-00C04F79EFBC}") = "MSSQLDemo", "MSSQLDemo\MSSQLDemo.csproj", "{F9E01166-4220-4235-82F2-CF0D356B9046}"
EndProject
Global
	GlobalSection(SolutionConfigurationPlatforms) = preSolution
		Debug|Any CPU = Debug|Any CPU
		Release|Any CPU = Release|Any CPU
	EndGlobalSection
	GlobalSection(ProjectConfigurationPlatforms) = postSolution
		{F9E01166-4220-4235-82F2-CF0D356B9046}.Debug|Any CPU.ActiveCfg = Debug|Any CPU
		{F9E01166-4220-4235-82F2-CF0D356B9046}.Debug|Any CPU.Build.0 = Debug|Any CPU
		{F9E01166-4220-4235-82F2-CF0D356B9046}.Release|Any CPU.ActiveCfg = Release|Any CPU
		{F9E01166-4220-4235-82F2-CF0D356B9046}.Release|Any CPU.Build.0 = Release|Any CPU
	EndGlobalSection
	GlobalSection(SolutionProperties) = preSolution
		HideSolutionNode = FALSE
	EndGlobalSection
	GlobalSection(ExtensibilityGlobals) = postSolution
		SolutionGuid = {586E8ED3-7A5D-4C4D-B58D-263B3D08F223}
	EndGlobalSection
EndGlobal
